
Microsoft Visual Studio Solution File, Format Version 12.00
# Visual Studio 15
VisualStudioVersion = 15.0.28010.2026
MinimumVisualStudioVersion = 10.0.40219.1
Project("{FAE04EC0-301F-11D3-BF4B-00C04F79EFBC}") = "Transportation", "Transportation.csproj", "{4DDC5574-5389-4A1A-ADB5-28B9CE2EBB6D}"
EndProject
Global
	GlobalSection(SolutionConfigurationPlatforms) = preSolution
		Debug|Any CPU = Debug|Any CPU
		Release|Any CPU = Release|Any CPU
	EndGlobalSection
	GlobalSection(ProjectConfigurationPlatforms) = postSolution
		{4DDC5574-5389-4A1A-ADB5-28B9CE2EBB6D}.Debug|Any CPU.ActiveCfg = Debug|Any CPU
		{4DDC5574-5389-4A1A-ADB5-28B9CE2EBB6D}.Debug|Any CPU.Build.0 = Debug|Any CPU
		{4DDC5574-5389-4A1A-ADB5-28B9CE2EBB6D}.Release|Any CPU.ActiveCfg = Release|Any CPU
		{4DDC5574-5389-4A1A-ADB5-28B9CE2EBB6D}.Release|Any CPU.Build.0 = Release|Any CPU
	EndGlobalSection
	GlobalSection(SolutionProperties) = preSolution
		HideSolutionNode = FALSE
	EndGlobalSection
	GlobalSection(ExtensibilityGlobals) = postSolution
		SolutionGuid = {7D47E713-E0B4-44DF-A594-41997EF2636F}
	EndGlobalSection
EndGlobal
